
Microsoft Visual Studio Solution File, Format Version 12.00
# Visual Studio Version 17
VisualStudioVersion = 17.7.34221.43
MinimumVisualStudioVersion = 10.0.40219.1
Project("{8BC9CEB8-8B4A-11D0-8D11-00A0C91BC942}") = "mooc11", "mooc11.vcxproj", "{08AA1F58-5967-44D6-B0A1-A1E5905D570D}"
EndProject
Global
	GlobalSection(SolutionConfigurationPlatforms) = preSolution
		Debug|x64 = Debug|x64
		Debug|x86 = Debug|x86
		Release|x64 = Release|x64
		Release|x86 = Release|x86
	EndGlobalSection
	GlobalSection(ProjectConfigurationPlatforms) = postSolution
		{08AA1F58-5967-44D6-B0A1-A1E5905D570D}.Debug|x64.ActiveCfg = Debug|x64
		{08AA1F58-5967-44D6-B0A1-A1E5905D570D}.Debug|x64.Build.0 = Debug|x64
		{08AA1F58-5967-44D6-B0A1-A1E5905D570D}.Debug|x86.ActiveCfg = Debug|Win32
		{08AA1F58-5967-44D6-B0A1-A1E5905D570D}.Debug|x86.Build.0 = Debug|Win32
		{08AA1F58-5967-44D6-B0A1-A1E5905D570D}.Release|x64.ActiveCfg = Release|x64
		{08AA1F58-5967-44D6-B0A1-A1E5905D570D}.Release|x64.Build.0 = Release|x64
		{08AA1F58-5967-44D6-B0A1-A1E5905D570D}.Release|x86.ActiveCfg = Release|Win32
		{08AA1F58-5967-44D6-B0A1-A1E5905D570D}.Release|x86.Build.0 = Release|Win32
	EndGlobalSection
	GlobalSection(SolutionProperties) = preSolution
		HideSolutionNode = FALSE
	EndGlobalSection
	GlobalSection(ExtensibilityGlobals) = postSolution
		SolutionGuid = {92E4603B-AB8E-4A75-8210-706226F3DF72}
	EndGlobalSection
EndGlobal
